
Microsoft Visual Studio Solution File, Format Version 12.00
# Visual Studio Version 17
VisualStudioVersion = 17.11.35312.102
MinimumVisualStudioVersion = 10.0.40219.1
Project("{FAE04EC0-301F-11D3-BF4B-00C04F79EFBC}") = "NoSpendoComprendo", "NoSpendoComprendo\NoSpendoComprendo.csproj", "{AB78506E-2C1A-4A6D-9CBF-B7D1AF9419FD}"
EndProject
Global
	GlobalSection(SolutionConfigurationPlatforms) = preSolution
		Debug|Any CPU = Debug|Any CPU
		Release|Any CPU = Release|Any CPU
	EndGlobalSection
	GlobalSection(ProjectConfigurationPlatforms) = postSolution
		{AB78506E-2C1A-4A6D-9CBF-B7D1AF9419FD}.Debug|Any CPU.ActiveCfg = Debug|Any CPU
		{AB78506E-2C1A-4A6D-9CBF-B7D1AF9419FD}.Debug|Any CPU.Build.0 = Debug|Any CPU
		{AB78506E-2C1A-4A6D-9CBF-B7D1AF9419FD}.Release|Any CPU.ActiveCfg = Release|Any CPU
		{AB78506E-2C1A-4A6D-9CBF-B7D1AF9419FD}.Release|Any CPU.Build.0 = Release|Any CPU
	EndGlobalSection
	GlobalSection(SolutionProperties) = preSolution
		HideSolutionNode = FALSE
	EndGlobalSection
	GlobalSection(ExtensibilityGlobals) = postSolution
		SolutionGuid = {DACEBFC3-74BB-45F6-ABD7-CD2AF38792C3}
	EndGlobalSection
EndGlobal
